// !$*UTF8*$!
{
	archiveVersion = 1;
	classes = {
	};
	objectVersion = 46;
	objects = {

/* Begin PBXBuildFile section */
		0606522D1599F169001AB96C /* UIKit.framework in Frameworks */ = {isa = PBXBuildFile; fileRef = 0606522C1599F169001AB96C /* UIKit.framework */; };
		0606522F1599F169001AB96C /* Foundation.framework in Frameworks */ = {isa = PBXBuildFile; fileRef = 0606522E1599F169001AB96C /* Foundation.framework */; };
		060652311599F169001AB96C /* CoreGraphics.framework in Frameworks */ = {isa = PBXBuildFile; fileRef = 060652301599F169001AB96C /* CoreGraphics.framework */; };
		060652371599F169001AB96C /* InfoPlist.strings in Resources */ = {isa = PBXBuildFile; fileRef = 060652351599F169001AB96C /* InfoPlist.strings */; };
		060652391599F169001AB96C /* main.m in Sources */ = {isa = PBXBuildFile; fileRef = 060652381599F169001AB96C /* main.m */; };
		0606523D1599F169001AB96C /* AppDelegate.m in Sources */ = {isa = PBXBuildFile; fileRef = 0606523C1599F169001AB96C /* AppDelegate.m */; };
		060652401599F169001AB96C /* ViewController.m in Sources */ = {isa = PBXBuildFile; fileRef = 0606523F1599F169001AB96C /* ViewController.m */; };
		060652431599F169001AB96C /* ViewController.xib in Resources */ = {isa = PBXBuildFile; fileRef = 060652411599F169001AB96C /* ViewController.xib */; };
		0606524E159A2513001AB96C /* CoreLocation.framework in Frameworks */ = {isa = PBXBuildFile; fileRef = 0606524D159A2513001AB96C /* CoreLocation.framework */; };
/* End PBXBuildFile section */

/* Begin PBXFileReference section */
		060652281599F169001AB96C /* Recipe 4.6: Geocoding.app */ = {isa = PBXFileReference; explicitFileType = wrapper.application; includeInIndex = 0; path = "Recipe 4.6: Geocoding.app"; sourceTree = BUILT_PRODUCTS_DIR; };
		0606522C1599F169001AB96C /* UIKit.framework */ = {isa = PBXFileReference; lastKnownFileType = wrapper.framework; name = UIKit.framework; path = System/Library/Frameworks/UIKit.framework; sourceTree = SDKROOT; };
		0606522E1599F169001AB96C /* Foundation.framework */ = {isa = PBXFileReference; lastKnownFileType = wrapper.framework; name = Foundation.framework; path = System/Library/Frameworks/Foundation.framework; sourceTree = SDKROOT; };
		060652301599F169001AB96C /* CoreGraphics.framework */ = {isa = PBXFileReference; lastKnownFileType = wrapper.framework; name = CoreGraphics.framework; path = System/Library/Frameworks/CoreGraphics.framework; sourceTree = SDKROOT; };
		060652341599F169001AB96C /* Recipe 4.6: Geocoding-Info.plist */ = {isa = PBXFileReference; lastKnownFileType = text.plist.xml; path = "Recipe 4.6: Geocoding-Info.plist"; sourceTree = "<group>"; };
		060652361599F169001AB96C /* en */ = {isa = PBXFileReference; lastKnownFileType = text.plist.strings; name = en; path = en.lproj/InfoPlist.strings; sourceTree = "<group>"; };
		060652381599F169001AB96C /* main.m */ = {isa = PBXFileReference; lastKnownFileType = sourcecode.c.objc; path = main.m; sourceTree = "<group>"; };
		0606523A1599F169001AB96C /* Recipe 4.6: Geocoding-Prefix.pch */ = {isa = PBXFileReference; lastKnownFileType = sourcecode.c.h; path = "Recipe 4.6: Geocoding-Prefix.pch"; sourceTree = "<group>"; };
		0606523B1599F169001AB96C /* AppDelegate.h */ = {isa = PBXFileReference; lastKnownFileType = sourcecode.c.h; path = AppDelegate.h; sourceTree = "<group>"; };
		0606523C1599F169001AB96C /* AppDelegate.m */ = {isa = PBXFileReference; lastKnownFileType = sourcecode.c.objc; path = AppDelegate.m; sourceTree = "<group>"; };
		0606523E1599F169001AB96C /* ViewController.h */ = {isa = PBXFileReference; lastKnownFileType = sourcecode.c.h; path = ViewController.h; sourceTree = "<group>"; };
		0606523F1599F169001AB96C /* ViewController.m */ = {isa = PBXFileReference; lastKnownFileType = sourcecode.c.objc; path = ViewController.m; sourceTree = "<group>"; };
		060652421599F169001AB96C /* en */ = {isa = PBXFileReference; lastKnownFileType = file.xib; name = en; path = en.lproj/ViewController.xib; sourceTree = "<group>"; };
		0606524D159A2513001AB96C /* CoreLocation.framework */ = {isa = PBXFileReference; lastKnownFileType = wrapper.framework; name = CoreLocation.framework; path = System/Library/Frameworks/CoreLocation.framework; sourceTree = SDKROOT; };
/* End PBXFileReference section */

/* Begin PBXFrameworksBuildPhase section */
		060652251599F169001AB96C /* Frameworks */ = {
			isa = PBXFrameworksBuildPhase;
			buildActionMask = 2147483647;
			files = (
				0606524E159A2513001AB96C /* CoreLocation.framework in Frameworks */,
				0606522D1599F169001AB96C /* UIKit.framework in Frameworks */,
				0606522F1599F169001AB96C /* Foundation.framework in Frameworks */,
				060652311599F169001AB96C /* CoreGraphics.framework in Frameworks */,
			);
			runOnlyForDeploymentPostprocessing = 0;
		};
/* End PBXFrameworksBuildPhase section */

/* Begin PBXGroup section */
		0606521D1599F169001AB96C = {
			isa = PBXGroup;
			children = (
				0606524D159A2513001AB96C /* CoreLocation.framework */,
				060652321599F169001AB96C /* Recipe 4.6: Geocoding */,
				0606522B1599F169001AB96C /* Frameworks */,
				060652291599F169001AB96C /* Products */,
			);
			sourceTree = "<group>";
		};
		060652291599F169001AB96C /* Products */ = {
			isa = PBXGroup;
			children = (
				060652281599F169001AB96C /* Recipe 4.6: Geocoding.app */,
			);
			name = Products;
			sourceTree = "<group>";
		};
		0606522B1599F169001AB96C /* Frameworks */ = {
			isa = PBXGroup;
			children = (
				0606522C1599F169001AB96C /* UIKit.framework */,
				0606522E1599F169001AB96C /* Foundation.framework */,
				060652301599F169001AB96C /* CoreGraphics.framework */,
			);
			name = Frameworks;
			sourceTree = "<group>";
		};
		060652321599F169001AB96C /* Recipe 4.6: Geocoding */ = {
			isa = PBXGroup;
			children = (
				0606523B1599F169001AB96C /* AppDelegate.h */,
				0606523C1599F169001AB96C /* AppDelegate.m */,
				0606523E1599F169001AB96C /* ViewController.h */,
				0606523F1599F169001AB96C /* ViewController.m */,
				060652411599F169001AB96C /* ViewController.xib */,
				060652331599F169001AB96C /* Supporting Files */,
			);
			path = "Recipe 4.6: Geocoding";
			sourceTree = "<group>";
		};
		060652331599F169001AB96C /* Supporting Files */ = {
			isa = PBXGroup;
			children = (
				060652341599F169001AB96C /* Recipe 4.6: Geocoding-Info.plist */,
				060652351599F169001AB96C /* InfoPlist.strings */,
				060652381599F169001AB96C /* main.m */,
				0606523A1599F169001AB96C /* Recipe 4.6: Geocoding-Prefix.pch */,
			);
			name = "Supporting Files";
			sourceTree = "<group>";
		};
/* End PBXGroup section */

/* Begin PBXNativeTarget section */
		060652271599F169001AB96C /* Recipe 4.6: Geocoding */ = {
			isa = PBXNativeTarget;
			buildConfigurationList = 060652461599F169001AB96C /* Build configuration list for PBXNativeTarget "Recipe 4.6: Geocoding" */;
			buildPhases = (
				060652241599F169001AB96C /* Sources */,
				060652251599F169001AB96C /* Frameworks */,
				060652261599F169001AB96C /* Resources */,
			);
			buildRules = (
			);
			dependencies = (
			);
			name = "Recipe 4.6: Geocoding";
			productName = "Recipe 4.6: Geocoding";
			productReference = 060652281599F169001AB96C /* Recipe 4.6: Geocoding.app */;
			productType = "com.apple.product-type.application";
		};
/* End PBXNativeTarget section */

/* Begin PBXProject section */
		0606521F1599F169001AB96C /* Project object */ = {
			isa = PBXProject;
			attributes = {
				LastUpgradeCheck = 0450;
				ORGANIZATIONNAME = "Hans-Eric Grönlund";
			};
			buildConfigurationList = 060652221599F169001AB96C /* Build configuration list for PBXProject "Recipe 4.6: Geocoding" */;
			compatibilityVersion = "Xcode 3.2";
			developmentRegion = English;
			hasScannedForEncodings = 0;
			knownRegions = (
				en,
			);
			mainGroup = 0606521D1599F169001AB96C;
			productRefGroup = 060652291599F169001AB96C /* Products */;
			projectDirPath = "";
			projectRoot = "";
			targets = (
				060652271599F169001AB96C /* Recipe 4.6: Geocoding */,
			);
		};
/* End PBXProject section */

/* Begin PBXResourcesBuildPhase section */
		060652261599F169001AB96C /* Resources */ = {
			isa = PBXResourcesBuildPhase;
			buildActionMask = 2147483647;
			files = (
				060652371599F169001AB96C /* InfoPlist.strings in Resources */,
				060652431599F169001AB96C /* ViewController.xib in Resources */,
			);
			runOnlyForDeploymentPostprocessing = 0;
		};
/* End PBXResourcesBuildPhase section */

/* Begin PBXSourcesBuildPhase section */
		060652241599F169001AB96C /* Sources */ = {
			isa = PBXSourcesBuildPhase;
			buildActionMask = 2147483647;
			files = (
				060652391599F169001AB96C /* main.m in Sources */,
				0606523D1599F169001AB96C /* AppDelegate.m in Sources */,
				060652401599F169001AB96C /* ViewController.m in Sources */,
			);
			runOnlyForDeploymentPostprocessing = 0;
		};
/* End PBXSourcesBuildPhase section */

/* Begin PBXVariantGroup section */
		060652351599F169001AB96C /* InfoPlist.strings */ = {
			isa = PBXVariantGroup;
			children = (
				060652361599F169001AB96C /* en */,
			);
			name = InfoPlist.strings;
			sourceTree = "<group>";
		};
		060652411599F169001AB96C /* ViewController.xib */ = {
			isa = PBXVariantGroup;
			children = (
				060652421599F169001AB96C /* en */,
			);
			name = ViewController.xib;
			sourceTree = "<group>";
		};
/* End PBXVariantGroup section */

/* Begin XCBuildConfiguration section */
		060652441599F169001AB96C /* Debug */ = {
			isa = XCBuildConfiguration;
			buildSettings = {
				ALWAYS_SEARCH_USER_PATHS = NO;
				CLANG_CXX_LANGUAGE_STANDARD = "gnu++0x";
				CLANG_ENABLE_OBJC_ARC = YES;
				CLANG_WARN__DUPLICATE_METHOD_MATCH = YES;
				"CODE_SIGN_IDENTITY[sdk=iphoneos*]" = "iPhone Developer";
				COPY_PHASE_STRIP = NO;
				GCC_C_LANGUAGE_STANDARD = gnu99;
				GCC_DYNAMIC_NO_PIC = NO;
				GCC_OPTIMIZATION_LEVEL = 0;
				GCC_PREPROCESSOR_DEFINITIONS = (
					"DEBUG=1",
					"$(inherited)",
				);
				GCC_SYMBOLS_PRIVATE_EXTERN = NO;
				GCC_WARN_ABOUT_RETURN_TYPE = YES;
				GCC_WARN_UNINITIALIZED_AUTOS = YES;
				GCC_WARN_UNUSED_VARIABLE = YES;
				IPHONEOS_DEPLOYMENT_TARGET = 6.0;
				SDKROOT = iphoneos;
			};
			name = Debug;
		};
		060652451599F169001AB96C /* Release */ = {
			isa = XCBuildConfiguration;
			buildSettings = {
				ALWAYS_SEARCH_USER_PATHS = NO;
				CLANG_CXX_LANGUAGE_STANDARD = "gnu++0x";
				CLANG_ENABLE_OBJC_ARC = YES;
				CLANG_WARN__DUPLICATE_METHOD_MATCH = YES;
				"CODE_SIGN_IDENTITY[sdk=iphoneos*]" = "iPhone Developer";
				COPY_PHASE_STRIP = YES;
				GCC_C_LANGUAGE_STANDARD = gnu99;
				GCC_WARN_ABOUT_RETURN_TYPE = YES;
				GCC_WARN_UNINITIALIZED_AUTOS = YES;
				GCC_WARN_UNUSED_VARIABLE = YES;
				IPHONEOS_DEPLOYMENT_TARGET = 6.0;
				OTHER_CFLAGS = "-DNS_BLOCK_ASSERTIONS=1";
				SDKROOT = iphoneos;
				VALIDATE_PRODUCT = YES;
			};
			name = Release;
		};
		060652471599F169001AB96C /* Debug */ = {
			isa = XCBuildConfiguration;
			buildSettings = {
				GCC_PRECOMPILE_PREFIX_HEADER = YES;
				GCC_PREFIX_HEADER = "Recipe 4.6: Geocoding/Recipe 4.6: Geocoding-Prefix.pch";
				INFOPLIST_FILE = "Recipe 4.6: Geocoding/Recipe 4.6: Geocoding-Info.plist";
				PRODUCT_NAME = "$(TARGET_NAME)";
				WRAPPER_EXTENSION = app;
			};
			name = Debug;
		};
		060652481599F169001AB96C /* Release */ = {
			isa = XCBuildConfiguration;
			buildSettings = {
				GCC_PRECOMPILE_PREFIX_HEADER = YES;
				GCC_PREFIX_HEADER = "Recipe 4.6: Geocoding/Recipe 4.6: Geocoding-Prefix.pch";
				INFOPLIST_FILE = "Recipe 4.6: Geocoding/Recipe 4.6: Geocoding-Info.plist";
				PRODUCT_NAME = "$(TARGET_NAME)";
				WRAPPER_EXTENSION = app;
			};
			name = Release;
		};
/* End XCBuildConfiguration section */

/* Begin XCConfigurationList section */
		060652221599F169001AB96C /* Build configuration list for PBXProject "Recipe 4.6: Geocoding" */ = {
			isa = XCConfigurationList;
			buildConfigurations = (
				060652441599F169001AB96C /* Debug */,
				060652451599F169001AB96C /* Release */,
			);
			defaultConfigurationIsVisible = 0;
			defaultConfigurationName = Release;
		};
		060652461599F169001AB96C /* Build configuration list for PBXNativeTarget "Recipe 4.6: Geocoding" */ = {
			isa = XCConfigurationList;
			buildConfigurations = (
				060652471599F169001AB96C /* Debug */,
				060652481599F169001AB96C /* Release */,
			);
			defaultConfigurationIsVisible = 0;
		};
/* End XCConfigurationList section */
	};
	rootObject = 0606521F1599F169001AB96C /* Project object */;
}
